
Microsoft Visual Studio Solution File, Format Version 12.00
# Visual Studio 15
VisualStudioVersion = 15.0.28307.168
MinimumVisualStudioVersion = 10.0.40219.1
Project("{FAE04EC0-301F-11D3-BF4B-00C04F79EFBC}") = "TwentyOne", "ClassesandObjects\TwentyOne.csproj", "{8EAA66A0-15AA-4E5B-A764-C2574E2E46F0}"
EndProject
Project("{FAE04EC0-301F-11D3-BF4B-00C04F79EFBC}") = "Casino", "Casino\Casino.csproj", "{636AFE4B-E45D-41A7-BF9E-1C181F171802}"
EndProject
Global
	GlobalSection(SolutionConfigurationPlatforms) = preSolution
		Debug|Any CPU = Debug|Any CPU
		Release|Any CPU = Release|Any CPU
	EndGlobalSection
	GlobalSection(ProjectConfigurationPlatforms) = postSolution
		{8EAA66A0-15AA-4E5B-A764-C2574E2E46F0}.Debug|Any CPU.ActiveCfg = Debug|Any CPU
		{8EAA66A0-15AA-4E5B-A764-C2574E2E46F0}.Debug|Any CPU.Build.0 = Debug|Any CPU
		{8EAA66A0-15AA-4E5B-A764-C2574E2E46F0}.Release|Any CPU.ActiveCfg = Release|Any CPU
		{8EAA66A0-15AA-4E5B-A764-C2574E2E46F0}.Release|Any CPU.Build.0 = Release|Any CPU
		{636AFE4B-E45D-41A7-BF9E-1C181F171802}.Debug|Any CPU.ActiveCfg = Debug|Any CPU
		{636AFE4B-E45D-41A7-BF9E-1C181F171802}.Debug|Any CPU.Build.0 = Debug|Any CPU
		{636AFE4B-E45D-41A7-BF9E-1C181F171802}.Release|Any CPU.ActiveCfg = Release|Any CPU
		{636AFE4B-E45D-41A7-BF9E-1C181F171802}.Release|Any CPU.Build.0 = Release|Any CPU
	EndGlobalSection
	GlobalSection(SolutionProperties) = preSolution
		HideSolutionNode = FALSE
	EndGlobalSection
	GlobalSection(ExtensibilityGlobals) = postSolution
		SolutionGuid = {CB6FC799-D960-43C3-80D2-24C87D1A2563}
	EndGlobalSection
EndGlobal
