
Microsoft Visual Studio Solution File, Format Version 12.00
# Visual Studio 15
VisualStudioVersion = 15.0.28307.168
MinimumVisualStudioVersion = 10.0.40219.1
Project("{FAE04EC0-301F-11D3-BF4B-00C04F79EFBC}") = "Employees", "Employees\Employees.csproj", "{0DEEC7F5-9E46-4133-B9BE-AC103FC13AF3}"
EndProject
Global
	GlobalSection(SolutionConfigurationPlatforms) = preSolution
		Debug|Any CPU = Debug|Any CPU
		Release|Any CPU = Release|Any CPU
	EndGlobalSection
	GlobalSection(ProjectConfigurationPlatforms) = postSolution
		{0DEEC7F5-9E46-4133-B9BE-AC103FC13AF3}.Debug|Any CPU.ActiveCfg = Debug|Any CPU
		{0DEEC7F5-9E46-4133-B9BE-AC103FC13AF3}.Debug|Any CPU.Build.0 = Debug|Any CPU
		{0DEEC7F5-9E46-4133-B9BE-AC103FC13AF3}.Release|Any CPU.ActiveCfg = Release|Any CPU
		{0DEEC7F5-9E46-4133-B9BE-AC103FC13AF3}.Release|Any CPU.Build.0 = Release|Any CPU
	EndGlobalSection
	GlobalSection(SolutionProperties) = preSolution
		HideSolutionNode = FALSE
	EndGlobalSection
	GlobalSection(ExtensibilityGlobals) = postSolution
		SolutionGuid = {E8041B82-3904-4C80-993A-00F098EDFFC1}
	EndGlobalSection
EndGlobal
